// !$*UTF8*$!
{
	archiveVersion = 1;
	classes = {
	};
	objectVersion = 55;
	objects = {

/* Begin PBXBuildFile section */
		382A027B278FCCD0004A92B7 /* AppDelegate.swift in Sources */ = {isa = PBXBuildFile; fileRef = 382A027A278FCCD0004A92B7 /* AppDelegate.swift */; };
		382A027D278FCCD0004A92B7 /* SceneDelegate.swift in Sources */ = {isa = PBXBuildFile; fileRef = 382A027C278FCCD0004A92B7 /* SceneDelegate.swift */; };
		382A027F278FCCD0004A92B7 /* ViewController.swift in Sources */ = {isa = PBXBuildFile; fileRef = 382A027E278FCCD0004A92B7 /* ViewController.swift */; };
		382A0282278FCCD0004A92B7 /* Main.storyboard in Resources */ = {isa = PBXBuildFile; fileRef = 382A0280278FCCD0004A92B7 /* Main.storyboard */; };
		382A0284278FCCD1004A92B7 /* Assets.xcassets in Resources */ = {isa = PBXBuildFile; fileRef = 382A0283278FCCD1004A92B7 /* Assets.xcassets */; };
		382A0287278FCCD1004A92B7 /* LaunchScreen.storyboard in Resources */ = {isa = PBXBuildFile; fileRef = 382A0285278FCCD1004A92B7 /* LaunchScreen.storyboard */; };
		382A0292278FCCD1004A92B7 /* naiveLRUTests.swift in Sources */ = {isa = PBXBuildFile; fileRef = 382A0291278FCCD1004A92B7 /* naiveLRUTests.swift */; };
		382A02AC278FCCF2004A92B7 /* NaiveLRUCache.swift in Sources */ = {isa = PBXBuildFile; fileRef = 382A02AB278FCCF2004A92B7 /* NaiveLRUCache.swift */; };
		382A02AD278FCCF2004A92B7 /* NaiveLRUCache.swift in Sources */ = {isa = PBXBuildFile; fileRef = 382A02AB278FCCF2004A92B7 /* NaiveLRUCache.swift */; };
		382A02B527901E7E004A92B7 /* NaiveLFUCache.swift in Sources */ = {isa = PBXBuildFile; fileRef = 382A02B427901E7E004A92B7 /* NaiveLFUCache.swift */; };
		382A02B627901E7E004A92B7 /* NaiveLFUCache.swift in Sources */ = {isa = PBXBuildFile; fileRef = 382A02B427901E7E004A92B7 /* NaiveLFUCache.swift */; };
		382A02BB27904950004A92B7 /* naiveLFUTests.swift in Sources */ = {isa = PBXBuildFile; fileRef = 382A02BA27904950004A92B7 /* naiveLFUTests.swift */; };
		382A02BD27906369004A92B7 /* ListProtocol.swift in Sources */ = {isa = PBXBuildFile; fileRef = 382A02BC27906369004A92B7 /* ListProtocol.swift */; };
		382A02BE27906369004A92B7 /* ListProtocol.swift in Sources */ = {isa = PBXBuildFile; fileRef = 382A02BC27906369004A92B7 /* ListProtocol.swift */; };
		382A02C027906420004A92B7 /* ListTests.swift in Sources */ = {isa = PBXBuildFile; fileRef = 382A02BF27906420004A92B7 /* ListTests.swift */; };
		382A02CB27950707004A92B7 /* CacheProtocol.swift in Sources */ = {isa = PBXBuildFile; fileRef = 382A02CA27950707004A92B7 /* CacheProtocol.swift */; };
		382A02CC27950707004A92B7 /* CacheProtocol.swift in Sources */ = {isa = PBXBuildFile; fileRef = 382A02CA27950707004A92B7 /* CacheProtocol.swift */; };
		382A02CF2795078C004A92B7 /* List.swift in Sources */ = {isa = PBXBuildFile; fileRef = 382A02CE2795078C004A92B7 /* List.swift */; };
		382A02D02795078C004A92B7 /* List.swift in Sources */ = {isa = PBXBuildFile; fileRef = 382A02CE2795078C004A92B7 /* List.swift */; };
		382A02D2279507AE004A92B7 /* Cache.swift in Sources */ = {isa = PBXBuildFile; fileRef = 382A02D1279507AE004A92B7 /* Cache.swift */; };
		382A02D3279507AE004A92B7 /* Cache.swift in Sources */ = {isa = PBXBuildFile; fileRef = 382A02D1279507AE004A92B7 /* Cache.swift */; };
/* End PBXBuildFile section */

/* Begin PBXContainerItemProxy section */
		382A028E278FCCD1004A92B7 /* PBXContainerItemProxy */ = {
			isa = PBXContainerItemProxy;
			containerPortal = 382A026F278FCCD0004A92B7 /* Project object */;
			proxyType = 1;
			remoteGlobalIDString = 382A0276278FCCD0004A92B7;
			remoteInfo = naiveLRU;
		};
/* End PBXContainerItemProxy section */

/* Begin PBXFileReference section */
		382A0277278FCCD0004A92B7 /* naiveLRU.app */ = {isa = PBXFileReference; explicitFileType = wrapper.application; includeInIndex = 0; path = naiveLRU.app; sourceTree = BUILT_PRODUCTS_DIR; };
		382A027A278FCCD0004A92B7 /* AppDelegate.swift */ = {isa = PBXFileReference; lastKnownFileType = sourcecode.swift; path = AppDelegate.swift; sourceTree = "<group>"; };
		382A027C278FCCD0004A92B7 /* SceneDelegate.swift */ = {isa = PBXFileReference; lastKnownFileType = sourcecode.swift; path = SceneDelegate.swift; sourceTree = "<group>"; };
		382A027E278FCCD0004A92B7 /* ViewController.swift */ = {isa = PBXFileReference; lastKnownFileType = sourcecode.swift; path = ViewController.swift; sourceTree = "<group>"; };
		382A0281278FCCD0004A92B7 /* Base */ = {isa = PBXFileReference; lastKnownFileType = file.storyboard; name = Base; path = Base.lproj/Main.storyboard; sourceTree = "<group>"; };
		382A0283278FCCD1004A92B7 /* Assets.xcassets */ = {isa = PBXFileReference; lastKnownFileType = folder.assetcatalog; path = Assets.xcassets; sourceTree = "<group>"; };
		382A0286278FCCD1004A92B7 /* Base */ = {isa = PBXFileReference; lastKnownFileType = file.storyboard; name = Base; path = Base.lproj/LaunchScreen.storyboard; sourceTree = "<group>"; };
		382A0288278FCCD1004A92B7 /* Info.plist */ = {isa = PBXFileReference; lastKnownFileType = text.plist.xml; path = Info.plist; sourceTree = "<group>"; };
		382A028D278FCCD1004A92B7 /* naiveLRUTests.xctest */ = {isa = PBXFileReference; explicitFileType = wrapper.cfbundle; includeInIndex = 0; path = naiveLRUTests.xctest; sourceTree = BUILT_PRODUCTS_DIR; };
		382A0291278FCCD1004A92B7 /* naiveLRUTests.swift */ = {isa = PBXFileReference; lastKnownFileType = sourcecode.swift; path = naiveLRUTests.swift; sourceTree = "<group>"; };
		382A02AB278FCCF2004A92B7 /* NaiveLRUCache.swift */ = {isa = PBXFileReference; lastKnownFileType = sourcecode.swift; path = NaiveLRUCache.swift; sourceTree = "<group>"; };
		382A02B427901E7E004A92B7 /* NaiveLFUCache.swift */ = {isa = PBXFileReference; fileEncoding = 4; lastKnownFileType = sourcecode.swift; path = NaiveLFUCache.swift; sourceTree = "<group>"; };
		382A02BA27904950004A92B7 /* naiveLFUTests.swift */ = {isa = PBXFileReference; lastKnownFileType = sourcecode.swift; path = naiveLFUTests.swift; sourceTree = "<group>"; };
		382A02BC27906369004A92B7 /* ListProtocol.swift */ = {isa = PBXFileReference; lastKnownFileType = sourcecode.swift; path = ListProtocol.swift; sourceTree = "<group>"; };
		382A02BF27906420004A92B7 /* ListTests.swift */ = {isa = PBXFileReference; lastKnownFileType = sourcecode.swift; path = ListTests.swift; sourceTree = "<group>"; };
		382A02CA27950707004A92B7 /* CacheProtocol.swift */ = {isa = PBXFileReference; lastKnownFileType = sourcecode.swift; path = CacheProtocol.swift; sourceTree = "<group>"; };
		382A02CE2795078C004A92B7 /* List.swift */ = {isa = PBXFileReference; lastKnownFileType = sourcecode.swift; path = List.swift; sourceTree = "<group>"; };
		382A02D1279507AE004A92B7 /* Cache.swift */ = {isa = PBXFileReference; lastKnownFileType = sourcecode.swift; path = Cache.swift; sourceTree = "<group>"; };
/* End PBXFileReference section */

/* Begin PBXFrameworksBuildPhase section */
		382A0274278FCCD0004A92B7 /* Frameworks */ = {
			isa = PBXFrameworksBuildPhase;
			buildActionMask = 2147483647;
			files = (
			);
			runOnlyForDeploymentPostprocessing = 0;
		};
		382A028A278FCCD1004A92B7 /* Frameworks */ = {
			isa = PBXFrameworksBuildPhase;
			buildActionMask = 2147483647;
			files = (
			);
			runOnlyForDeploymentPostprocessing = 0;
		};
/* End PBXFrameworksBuildPhase section */

/* Begin PBXGroup section */
		382A026E278FCCD0004A92B7 = {
			isa = PBXGroup;
			children = (
				382A0279278FCCD0004A92B7 /* naiveLRU */,
				382A0290278FCCD1004A92B7 /* naiveLRUTests */,
				382A0278278FCCD0004A92B7 /* Products */,
			);
			sourceTree = "<group>";
		};
		382A0278278FCCD0004A92B7 /* Products */ = {
			isa = PBXGroup;
			children = (
				382A0277278FCCD0004A92B7 /* naiveLRU.app */,
				382A028D278FCCD1004A92B7 /* naiveLRUTests.xctest */,
			);
			name = Products;
			sourceTree = "<group>";
		};
		382A0279278FCCD0004A92B7 /* naiveLRU */ = {
			isa = PBXGroup;
			children = (
				382A02AA278FCCD8004A92B7 /* naiveLRU */,
				382A027A278FCCD0004A92B7 /* AppDelegate.swift */,
				382A027C278FCCD0004A92B7 /* SceneDelegate.swift */,
				382A027E278FCCD0004A92B7 /* ViewController.swift */,
				382A0280278FCCD0004A92B7 /* Main.storyboard */,
				382A0283278FCCD1004A92B7 /* Assets.xcassets */,
				382A0285278FCCD1004A92B7 /* LaunchScreen.storyboard */,
				382A0288278FCCD1004A92B7 /* Info.plist */,
			);
			path = naiveLRU;
			sourceTree = "<group>";
		};
		382A0290278FCCD1004A92B7 /* naiveLRUTests */ = {
			isa = PBXGroup;
			children = (
				382A0291278FCCD1004A92B7 /* naiveLRUTests.swift */,
				382A02BA27904950004A92B7 /* naiveLFUTests.swift */,
				382A02BF27906420004A92B7 /* ListTests.swift */,
			);
			path = naiveLRUTests;
			sourceTree = "<group>";
		};
		382A02AA278FCCD8004A92B7 /* naiveLRU */ = {
			isa = PBXGroup;
			children = (
				382A02C9279501D4004A92B7 /* Protocols */,
				382A02CD2795077A004A92B7 /* BaseClass */,
				382A02B427901E7E004A92B7 /* NaiveLFUCache.swift */,
				382A02AB278FCCF2004A92B7 /* NaiveLRUCache.swift */,
			);
			path = naiveLRU;
			sourceTree = "<group>";
		};
		382A02C9279501D4004A92B7 /* Protocols */ = {
			isa = PBXGroup;
			children = (
				382A02BC27906369004A92B7 /* ListProtocol.swift */,
				382A02CA27950707004A92B7 /* CacheProtocol.swift */,
			);
			path = Protocols;
			sourceTree = "<group>";
		};
		382A02CD2795077A004A92B7 /* BaseClass */ = {
			isa = PBXGroup;
			children = (
				382A02CE2795078C004A92B7 /* List.swift */,
				382A02D1279507AE004A92B7 /* Cache.swift */,
			);
			path = BaseClass;
			sourceTree = "<group>";
		};
/* End PBXGroup section */

/* Begin PBXNativeTarget section */
		382A0276278FCCD0004A92B7 /* naiveLRU */ = {
			isa = PBXNativeTarget;
			buildConfigurationList = 382A02A1278FCCD1004A92B7 /* Build configuration list for PBXNativeTarget "naiveLRU" */;
			buildPhases = (
				382A0273278FCCD0004A92B7 /* Sources */,
				382A0274278FCCD0004A92B7 /* Frameworks */,
				382A0275278FCCD0004A92B7 /* Resources */,
			);
			buildRules = (
			);
			dependencies = (
			);
			name = naiveLRU;
			productName = naiveLRU;
			productReference = 382A0277278FCCD0004A92B7 /* naiveLRU.app */;
			productType = "com.apple.product-type.application";
		};
		382A028C278FCCD1004A92B7 /* naiveLRUTests */ = {
			isa = PBXNativeTarget;
			buildConfigurationList = 382A02A4278FCCD1004A92B7 /* Build configuration list for PBXNativeTarget "naiveLRUTests" */;
			buildPhases = (
				382A0289278FCCD1004A92B7 /* Sources */,
				382A028A278FCCD1004A92B7 /* Frameworks */,
				382A028B278FCCD1004A92B7 /* Resources */,
			);
			buildRules = (
			);
			dependencies = (
				382A028F278FCCD1004A92B7 /* PBXTargetDependency */,
			);
			name = naiveLRUTests;
			productName = naiveLRUTests;
			productReference = 382A028D278FCCD1004A92B7 /* naiveLRUTests.xctest */;
			productType = "com.apple.product-type.bundle.unit-test";
		};
/* End PBXNativeTarget section */

/* Begin PBXProject section */
		382A026F278FCCD0004A92B7 /* Project object */ = {
			isa = PBXProject;
			attributes = {
				BuildIndependentTargetsInParallel = 1;
				LastSwiftUpdateCheck = 1320;
				LastUpgradeCheck = 1320;
				TargetAttributes = {
					382A0276278FCCD0004A92B7 = {
						CreatedOnToolsVersion = 13.2.1;
					};
					382A028C278FCCD1004A92B7 = {
						CreatedOnToolsVersion = 13.2.1;
						TestTargetID = 382A0276278FCCD0004A92B7;
					};
				};
			};
			buildConfigurationList = 382A0272278FCCD0004A92B7 /* Build configuration list for PBXProject "naiveLRU" */;
			compatibilityVersion = "Xcode 13.0";
			developmentRegion = en;
			hasScannedForEncodings = 0;
			knownRegions = (
				en,
				Base,
			);
			mainGroup = 382A026E278FCCD0004A92B7;
			productRefGroup = 382A0278278FCCD0004A92B7 /* Products */;
			projectDirPath = "";
			projectRoot = "";
			targets = (
				382A0276278FCCD0004A92B7 /* naiveLRU */,
				382A028C278FCCD1004A92B7 /* naiveLRUTests */,
			);
		};
/* End PBXProject section */

/* Begin PBXResourcesBuildPhase section */
		382A0275278FCCD0004A92B7 /* Resources */ = {
			isa = PBXResourcesBuildPhase;
			buildActionMask = 2147483647;
			files = (
				382A0287278FCCD1004A92B7 /* LaunchScreen.storyboard in Resources */,
				382A0284278FCCD1004A92B7 /* Assets.xcassets in Resources */,
				382A0282278FCCD0004A92B7 /* Main.storyboard in Resources */,
			);
			runOnlyForDeploymentPostprocessing = 0;
		};
		382A028B278FCCD1004A92B7 /* Resources */ = {
			isa = PBXResourcesBuildPhase;
			buildActionMask = 2147483647;
			files = (
			);
			runOnlyForDeploymentPostprocessing = 0;
		};
/* End PBXResourcesBuildPhase section */

/* Begin PBXSourcesBuildPhase section */
		382A0273278FCCD0004A92B7 /* Sources */ = {
			isa = PBXSourcesBuildPhase;
			buildActionMask = 2147483647;
			files = (
				382A02B527901E7E004A92B7 /* NaiveLFUCache.swift in Sources */,
				382A02AC278FCCF2004A92B7 /* NaiveLRUCache.swift in Sources */,
				382A027F278FCCD0004A92B7 /* ViewController.swift in Sources */,
				382A027B278FCCD0004A92B7 /* AppDelegate.swift in Sources */,
				382A027D278FCCD0004A92B7 /* SceneDelegate.swift in Sources */,
				382A02CB27950707004A92B7 /* CacheProtocol.swift in Sources */,
				382A02D2279507AE004A92B7 /* Cache.swift in Sources */,
				382A02BD27906369004A92B7 /* ListProtocol.swift in Sources */,
				382A02CF2795078C004A92B7 /* List.swift in Sources */,
			);
			runOnlyForDeploymentPostprocessing = 0;
		};
		382A0289278FCCD1004A92B7 /* Sources */ = {
			isa = PBXSourcesBuildPhase;
			buildActionMask = 2147483647;
			files = (
				382A02BB27904950004A92B7 /* naiveLFUTests.swift in Sources */,
				382A02AD278FCCF2004A92B7 /* NaiveLRUCache.swift in Sources */,
				382A02CC27950707004A92B7 /* CacheProtocol.swift in Sources */,
				382A02D3279507AE004A92B7 /* Cache.swift in Sources */,
				382A0292278FCCD1004A92B7 /* naiveLRUTests.swift in Sources */,
				382A02D02795078C004A92B7 /* List.swift in Sources */,
				382A02C027906420004A92B7 /* ListTests.swift in Sources */,
				382A02BE27906369004A92B7 /* ListProtocol.swift in Sources */,
				382A02B627901E7E004A92B7 /* NaiveLFUCache.swift in Sources */,
			);
			runOnlyForDeploymentPostprocessing = 0;
		};
/* End PBXSourcesBuildPhase section */

/* Begin PBXTargetDependency section */
		382A028F278FCCD1004A92B7 /* PBXTargetDependency */ = {
			isa = PBXTargetDependency;
			target = 382A0276278FCCD0004A92B7 /* naiveLRU */;
			targetProxy = 382A028E278FCCD1004A92B7 /* PBXContainerItemProxy */;
		};
/* End PBXTargetDependency section */

/* Begin PBXVariantGroup section */
		382A0280278FCCD0004A92B7 /* Main.storyboard */ = {
			isa = PBXVariantGroup;
			children = (
				382A0281278FCCD0004A92B7 /* Base */,
			);
			name = Main.storyboard;
			sourceTree = "<group>";
		};
		382A0285278FCCD1004A92B7 /* LaunchScreen.storyboard */ = {
			isa = PBXVariantGroup;
			children = (
				382A0286278FCCD1004A92B7 /* Base */,
			);
			name = LaunchScreen.storyboard;
			sourceTree = "<group>";
		};
/* End PBXVariantGroup section */

/* Begin XCBuildConfiguration section */
		382A029F278FCCD1004A92B7 /* Debug */ = {
			isa = XCBuildConfiguration;
			buildSettings = {
				ALWAYS_SEARCH_USER_PATHS = NO;
				CLANG_ANALYZER_NONNULL = YES;
				CLANG_ANALYZER_NUMBER_OBJECT_CONVERSION = YES_AGGRESSIVE;
				CLANG_CXX_LANGUAGE_STANDARD = "gnu++17";
				CLANG_CXX_LIBRARY = "libc++";
				CLANG_ENABLE_MODULES = YES;
				CLANG_ENABLE_OBJC_ARC = YES;
				CLANG_ENABLE_OBJC_WEAK = YES;
				CLANG_WARN_BLOCK_CAPTURE_AUTORELEASING = YES;
				CLANG_WARN_BOOL_CONVERSION = YES;
				CLANG_WARN_COMMA = YES;
				CLANG_WARN_CONSTANT_CONVERSION = YES;
				CLANG_WARN_DEPRECATED_OBJC_IMPLEMENTATIONS = YES;
				CLANG_WARN_DIRECT_OBJC_ISA_USAGE = YES_ERROR;
				CLANG_WARN_DOCUMENTATION_COMMENTS = YES;
				CLANG_WARN_EMPTY_BODY = YES;
				CLANG_WARN_ENUM_CONVERSION = YES;
				CLANG_WARN_INFINITE_RECURSION = YES;
				CLANG_WARN_INT_CONVERSION = YES;
				CLANG_WARN_NON_LITERAL_NULL_CONVERSION = YES;
				CLANG_WARN_OBJC_IMPLICIT_RETAIN_SELF = YES;
				CLANG_WARN_OBJC_LITERAL_CONVERSION = YES;
				CLANG_WARN_OBJC_ROOT_CLASS = YES_ERROR;
				CLANG_WARN_QUOTED_INCLUDE_IN_FRAMEWORK_HEADER = YES;
				CLANG_WARN_RANGE_LOOP_ANALYSIS = YES;
				CLANG_WARN_STRICT_PROTOTYPES = YES;
				CLANG_WARN_SUSPICIOUS_MOVE = YES;
				CLANG_WARN_UNGUARDED_AVAILABILITY = YES_AGGRESSIVE;
				CLANG_WARN_UNREACHABLE_CODE = YES;
				CLANG_WARN__DUPLICATE_METHOD_MATCH = YES;
				COPY_PHASE_STRIP = NO;
				DEBUG_INFORMATION_FORMAT = dwarf;
				ENABLE_STRICT_OBJC_MSGSEND = YES;
				ENABLE_TESTABILITY = YES;
				GCC_C_LANGUAGE_STANDARD = gnu11;
				GCC_DYNAMIC_NO_PIC = NO;
				GCC_NO_COMMON_BLOCKS = YES;
				GCC_OPTIMIZATION_LEVEL = 0;
				GCC_PREPROCESSOR_DEFINITIONS = (
					"DEBUG=1",
					"$(inherited)",
				);
				GCC_WARN_64_TO_32_BIT_CONVERSION = YES;
				GCC_WARN_ABOUT_RETURN_TYPE = YES_ERROR;
				GCC_WARN_UNDECLARED_SELECTOR = YES;
				GCC_WARN_UNINITIALIZED_AUTOS = YES_AGGRESSIVE;
				GCC_WARN_UNUSED_FUNCTION = YES;
				GCC_WARN_UNUSED_VARIABLE = YES;
				IPHONEOS_DEPLOYMENT_TARGET = 15.2;
				MTL_ENABLE_DEBUG_INFO = INCLUDE_SOURCE;
				MTL_FAST_MATH = YES;
				ONLY_ACTIVE_ARCH = YES;
				SDKROOT = iphoneos;
				SWIFT_ACTIVE_COMPILATION_CONDITIONS = DEBUG;
				SWIFT_OPTIMIZATION_LEVEL = "-Onone";
			};
			name = Debug;
		};
		382A02A0278FCCD1004A92B7 /* Release */ = {
			isa = XCBuildConfiguration;
			buildSettings = {
				ALWAYS_SEARCH_USER_PATHS = NO;
				CLANG_ANALYZER_NONNULL = YES;
				CLANG_ANALYZER_NUMBER_OBJECT_CONVERSION = YES_AGGRESSIVE;
				CLANG_CXX_LANGUAGE_STANDARD = "gnu++17";
				CLANG_CXX_LIBRARY = "libc++";
				CLANG_ENABLE_MODULES = YES;
				CLANG_ENABLE_OBJC_ARC = YES;
				CLANG_ENABLE_OBJC_WEAK = YES;
				CLANG_WARN_BLOCK_CAPTURE_AUTORELEASING = YES;
				CLANG_WARN_BOOL_CONVERSION = YES;
				CLANG_WARN_COMMA = YES;
				CLANG_WARN_CONSTANT_CONVERSION = YES;
				CLANG_WARN_DEPRECATED_OBJC_IMPLEMENTATIONS = YES;
				CLANG_WARN_DIRECT_OBJC_ISA_USAGE = YES_ERROR;
				CLANG_WARN_DOCUMENTATION_COMMENTS = YES;
				CLANG_WARN_EMPTY_BODY = YES;
				CLANG_WARN_ENUM_CONVERSION = YES;
				CLANG_WARN_INFINITE_RECURSION = YES;
				CLANG_WARN_INT_CONVERSION = YES;
				CLANG_WARN_NON_LITERAL_NULL_CONVERSION = YES;
				CLANG_WARN_OBJC_IMPLICIT_RETAIN_SELF = YES;
				CLANG_WARN_OBJC_LITERAL_CONVERSION = YES;
				CLANG_WARN_OBJC_ROOT_CLASS = YES_ERROR;
				CLANG_WARN_QUOTED_INCLUDE_IN_FRAMEWORK_HEADER = YES;
				CLANG_WARN_RANGE_LOOP_ANALYSIS = YES;
				CLANG_WARN_STRICT_PROTOTYPES = YES;
				CLANG_WARN_SUSPICIOUS_MOVE = YES;
				CLANG_WARN_UNGUARDED_AVAILABILITY = YES_AGGRESSIVE;
				CLANG_WARN_UNREACHABLE_CODE = YES;
				CLANG_WARN__DUPLICATE_METHOD_MATCH = YES;
				COPY_PHASE_STRIP = NO;
				DEBUG_INFORMATION_FORMAT = "dwarf-with-dsym";
				ENABLE_NS_ASSERTIONS = NO;
				ENABLE_STRICT_OBJC_MSGSEND = YES;
				GCC_C_LANGUAGE_STANDARD = gnu11;
				GCC_NO_COMMON_BLOCKS = YES;
				GCC_WARN_64_TO_32_BIT_CONVERSION = YES;
				GCC_WARN_ABOUT_RETURN_TYPE = YES_ERROR;
				GCC_WARN_UNDECLARED_SELECTOR = YES;
				GCC_WARN_UNINITIALIZED_AUTOS = YES_AGGRESSIVE;
				GCC_WARN_UNUSED_FUNCTION = YES;
				GCC_WARN_UNUSED_VARIABLE = YES;
				IPHONEOS_DEPLOYMENT_TARGET = 15.2;
				MTL_ENABLE_DEBUG_INFO = NO;
				MTL_FAST_MATH = YES;
				SDKROOT = iphoneos;
				SWIFT_COMPILATION_MODE = wholemodule;
				SWIFT_OPTIMIZATION_LEVEL = "-O";
				VALIDATE_PRODUCT = YES;
			};
			name = Release;
		};
		382A02A2278FCCD1004A92B7 /* Debug */ = {
			isa = XCBuildConfiguration;
			buildSettings = {
				ASSETCATALOG_COMPILER_APPICON_NAME = AppIcon;
				ASSETCATALOG_COMPILER_GLOBAL_ACCENT_COLOR_NAME = AccentColor;
				CODE_SIGN_STYLE = Automatic;
				CURRENT_PROJECT_VERSION = 1;
				DEVELOPMENT_TEAM = HZAFLSTU5T;
				GENERATE_INFOPLIST_FILE = YES;
				INFOPLIST_FILE = naiveLRU/Info.plist;
				INFOPLIST_KEY_UIApplicationSupportsIndirectInputEvents = YES;
				INFOPLIST_KEY_UILaunchStoryboardName = LaunchScreen;
				INFOPLIST_KEY_UIMainStoryboardFile = Main;
				INFOPLIST_KEY_UISupportedInterfaceOrientations_iPad = "UIInterfaceOrientationPortrait UIInterfaceOrientationPortraitUpsideDown UIInterfaceOrientationLandscapeLeft UIInterfaceOrientationLandscapeRight";
				INFOPLIST_KEY_UISupportedInterfaceOrientations_iPhone = "UIInterfaceOrientationPortrait UIInterfaceOrientationLandscapeLeft UIInterfaceOrientationLandscapeRight";
				LD_RUNPATH_SEARCH_PATHS = (
					"$(inherited)",
					"@executable_path/Frameworks",
				);
				MARKETING_VERSION = 1.0;
				PRODUCT_BUNDLE_IDENTIFIER = org.ganquan.naiveLRU;
				PRODUCT_NAME = "$(TARGET_NAME)";
				SWIFT_EMIT_LOC_STRINGS = YES;
				SWIFT_VERSION = 5.0;
				TARGETED_DEVICE_FAMILY = "1,2";
			};
			name = Debug;
		};
		382A02A3278FCCD1004A92B7 /* Release */ = {
			isa = XCBuildConfiguration;
			buildSettings = {
				ASSETCATALOG_COMPILER_APPICON_NAME = AppIcon;
				ASSETCATALOG_COMPILER_GLOBAL_ACCENT_COLOR_NAME = AccentColor;
				CODE_SIGN_STYLE = Automatic;
				CURRENT_PROJECT_VERSION = 1;
				DEVELOPMENT_TEAM = HZAFLSTU5T;
				GENERATE_INFOPLIST_FILE = YES;
				INFOPLIST_FILE = naiveLRU/Info.plist;
				INFOPLIST_KEY_UIApplicationSupportsIndirectInputEvents = YES;
				INFOPLIST_KEY_UILaunchStoryboardName = LaunchScreen;
				INFOPLIST_KEY_UIMainStoryboardFile = Main;
				INFOPLIST_KEY_UISupportedInterfaceOrientations_iPad = "UIInterfaceOrientationPortrait UIInterfaceOrientationPortraitUpsideDown UIInterfaceOrientationLandscapeLeft UIInterfaceOrientationLandscapeRight";
				INFOPLIST_KEY_UISupportedInterfaceOrientations_iPhone = "UIInterfaceOrientationPortrait UIInterfaceOrientationLandscapeLeft UIInterfaceOrientationLandscapeRight";
				LD_RUNPATH_SEARCH_PATHS = (
					"$(inherited)",
					"@executable_path/Frameworks",
				);
				MARKETING_VERSION = 1.0;
				PRODUCT_BUNDLE_IDENTIFIER = org.ganquan.naiveLRU;
				PRODUCT_NAME = "$(TARGET_NAME)";
				SWIFT_EMIT_LOC_STRINGS = YES;
				SWIFT_VERSION = 5.0;
				TARGETED_DEVICE_FAMILY = "1,2";
			};
			name = Release;
		};
		382A02A5278FCCD1004A92B7 /* Debug */ = {
			isa = XCBuildConfiguration;
			buildSettings = {
				ALWAYS_EMBED_SWIFT_STANDARD_LIBRARIES = YES;
				BUNDLE_LOADER = "$(TEST_HOST)";
				CODE_SIGN_STYLE = Automatic;
				CURRENT_PROJECT_VERSION = 1;
				DEVELOPMENT_TEAM = HZAFLSTU5T;
				GENERATE_INFOPLIST_FILE = YES;
				IPHONEOS_DEPLOYMENT_TARGET = 15.2;
				MARKETING_VERSION = 1.0;
				PRODUCT_BUNDLE_IDENTIFIER = org.ganquan.naiveLRUTests;
				PRODUCT_NAME = "$(TARGET_NAME)";
				SWIFT_EMIT_LOC_STRINGS = NO;
				SWIFT_VERSION = 5.0;
				TARGETED_DEVICE_FAMILY = "1,2";
				TEST_HOST = "$(BUILT_PRODUCTS_DIR)/naiveLRU.app/naiveLRU";
			};
			name = Debug;
		};
		382A02A6278FCCD1004A92B7 /* Release */ = {
			isa = XCBuildConfiguration;
			buildSettings = {
				ALWAYS_EMBED_SWIFT_STANDARD_LIBRARIES = YES;
				BUNDLE_LOADER = "$(TEST_HOST)";
				CODE_SIGN_STYLE = Automatic;
				CURRENT_PROJECT_VERSION = 1;
				DEVELOPMENT_TEAM = HZAFLSTU5T;
				GENERATE_INFOPLIST_FILE = YES;
				IPHONEOS_DEPLOYMENT_TARGET = 15.2;
				MARKETING_VERSION = 1.0;
				PRODUCT_BUNDLE_IDENTIFIER = org.ganquan.naiveLRUTests;
				PRODUCT_NAME = "$(TARGET_NAME)";
				SWIFT_EMIT_LOC_STRINGS = NO;
				SWIFT_VERSION = 5.0;
				TARGETED_DEVICE_FAMILY = "1,2";
				TEST_HOST = "$(BUILT_PRODUCTS_DIR)/naiveLRU.app/naiveLRU";
			};
			name = Release;
		};
/* End XCBuildConfiguration section */

/* Begin XCConfigurationList section */
		382A0272278FCCD0004A92B7 /* Build configuration list for PBXProject "naiveLRU" */ = {
			isa = XCConfigurationList;
			buildConfigurations = (
				382A029F278FCCD1004A92B7 /* Debug */,
				382A02A0278FCCD1004A92B7 /* Release */,
			);
			defaultConfigurationIsVisible = 0;
			defaultConfigurationName = Release;
		};
		382A02A1278FCCD1004A92B7 /* Build configuration list for PBXNativeTarget "naiveLRU" */ = {
			isa = XCConfigurationList;
			buildConfigurations = (
				382A02A2278FCCD1004A92B7 /* Debug */,
				382A02A3278FCCD1004A92B7 /* Release */,
			);
			defaultConfigurationIsVisible = 0;
			defaultConfigurationName = Release;
		};
		382A02A4278FCCD1004A92B7 /* Build configuration list for PBXNativeTarget "naiveLRUTests" */ = {
			isa = XCConfigurationList;
			buildConfigurations = (
				382A02A5278FCCD1004A92B7 /* Debug */,
				382A02A6278FCCD1004A92B7 /* Release */,
			);
			defaultConfigurationIsVisible = 0;
			defaultConfigurationName = Release;
		};
/* End XCConfigurationList section */
	};
	rootObject = 382A026F278FCCD0004A92B7 /* Project object */;
}
